{
  "version": 4,
  "terraform_version": "1.10.0",
  "serial": 1,
  "lineage": "62076184-0b24-7ad1-0e43-707a63b9f71f",
  "outputs": {},
  "resources": [
    {
      "mode": "managed",
      "type": "spotify_playlist",
      "name": "Bollywood",
      "provider": "provider[\"registry.terraform.io/conradludgate/spotify\"]",
      "instances": [
        {
          "schema_version": 0,
          "attributes": {
            "description": "This playlist was created by Terraform",
            "id": "7z5Rvk3WSB0Y7Xx1alm4Cd",
            "name": "Bollywood",
            "public": true,
            "snapshot_id": "AAAAAhBrur79unaQEnve6siOxSjFqPml",
            "tracks": [
              "1PDREqVNvmphIoNac3Vz8c"
            ]
          },
          "sensitive_attributes": [],
          "private": "bnVsbA=="
        }
      ]
    }
  ],
  "check_results": null
}
